
Microsoft Visual Studio Solution File, Format Version 12.00
# Visual Studio 14
VisualStudioVersion = 14.0.25123.0
MinimumVisualStudioVersion = 10.0.40219.1
Project("{FAE04EC0-301F-11D3-BF4B-00C04F79EFBC}") = "MarketData.GoogleFinance", "MarketData.GoogleFinance\MarketData.GoogleFinance.csproj", "{CCD6E605-2AED-4AA5-822E-7EE04398CE8A}"
EndProject
Project("{FAE04EC0-301F-11D3-BF4B-00C04F79EFBC}") = "MarketData.ToolBox", "MarketData.ToolBox\MarketData.ToolBox.csproj", "{E3C5C7F7-7BFE-45E0-B414-F1EA1DFB4C02}"
EndProject
Project("{FAE04EC0-301F-11D3-BF4B-00C04F79EFBC}") = "MarketData.GoogleFinance.Ui", "MarketData.GoogleFinance.Ui\MarketData.GoogleFinance.Ui.csproj", "{70F78534-0ABC-4B64-82DF-0BBCB4838075}"
EndProject
Project("{FAE04EC0-301F-11D3-BF4B-00C04F79EFBC}") = "MarketData.Test", "MarketData.Test\MarketData.Test.csproj", "{011CDF60-00BA-423D-A5B3-E9416C635BBC}"
EndProject
Project("{FAE04EC0-301F-11D3-BF4B-00C04F79EFBC}") = "MarketData.GoogleFinanceDownloader", "MarketData.GoogleFinanceDownloader\MarketData.GoogleFinanceDownloader.csproj", "{799705E7-B166-4E0D-AAEA-BD274616C8C2}"
EndProject
Project("{2150E333-8FDC-42A3-9474-1A3956D46DE8}") = "PublishScripts", "PublishScripts", "{A2681FCF-8F4B-4589-8571-61333940B70C}"
	ProjectSection(SolutionItems) = preProject
		PublishScripts\AzureWebsitePublishModule.psm1 = PublishScripts\AzureWebsitePublishModule.psm1
		PublishScripts\Publish-WebApplicationWebsite.ps1 = PublishScripts\Publish-WebApplicationWebsite.ps1
	EndProjectSection
EndProject
Project("{2150E333-8FDC-42A3-9474-1A3956D46DE8}") = "Configurations", "Configurations", "{817E28C5-F280-4E7C-9817-4403F6762901}"
	ProjectSection(SolutionItems) = preProject
		PublishScripts\Configurations\MarketDataWeb-WAWS-dev.json = PublishScripts\Configurations\MarketDataWeb-WAWS-dev.json
	EndProjectSection
EndProject
Project("{FAE04EC0-301F-11D3-BF4B-00C04F79EFBC}") = "MarketData.Barchart", "MarketData.Barchart\MarketData.Barchart.csproj", "{F4113271-0543-409B-8B87-179EA31957CE}"
EndProject
Project("{FAE04EC0-301F-11D3-BF4B-00C04F79EFBC}") = "MarketData.CME", "MarketData.CME\MarketData.CME.csproj", "{AF895656-5D3B-47B1-BBE2-9B088300FD3A}"
EndProject
Project("{FAE04EC0-301F-11D3-BF4B-00C04F79EFBC}") = "MarketData.Volatility", "MarketData.Volatility\MarketData.Volatility.csproj", "{39F36823-0201-46FD-9E2B-41AB25DB6C79}"
EndProject
Project("{FAE04EC0-301F-11D3-BF4B-00C04F79EFBC}") = "MarketData.Occ", "MarketData.Occ\MarketData.Occ.csproj", "{39424810-B912-4DFB-B2E2-D1D0B688EFE6}"
EndProject
Global
	GlobalSection(SolutionConfigurationPlatforms) = preSolution
		Debug|Any CPU = Debug|Any CPU
		Release|Any CPU = Release|Any CPU
	EndGlobalSection
	GlobalSection(ProjectConfigurationPlatforms) = postSolution
		{CCD6E605-2AED-4AA5-822E-7EE04398CE8A}.Debug|Any CPU.ActiveCfg = Debug|Any CPU
		{CCD6E605-2AED-4AA5-822E-7EE04398CE8A}.Debug|Any CPU.Build.0 = Debug|Any CPU
		{CCD6E605-2AED-4AA5-822E-7EE04398CE8A}.Release|Any CPU.ActiveCfg = Release|Any CPU
		{CCD6E605-2AED-4AA5-822E-7EE04398CE8A}.Release|Any CPU.Build.0 = Release|Any CPU
		{E3C5C7F7-7BFE-45E0-B414-F1EA1DFB4C02}.Debug|Any CPU.ActiveCfg = Debug|Any CPU
		{E3C5C7F7-7BFE-45E0-B414-F1EA1DFB4C02}.Debug|Any CPU.Build.0 = Debug|Any CPU
		{E3C5C7F7-7BFE-45E0-B414-F1EA1DFB4C02}.Release|Any CPU.ActiveCfg = Release|Any CPU
		{E3C5C7F7-7BFE-45E0-B414-F1EA1DFB4C02}.Release|Any CPU.Build.0 = Release|Any CPU
		{70F78534-0ABC-4B64-82DF-0BBCB4838075}.Debug|Any CPU.ActiveCfg = Debug|Any CPU
		{70F78534-0ABC-4B64-82DF-0BBCB4838075}.Debug|Any CPU.Build.0 = Debug|Any CPU
		{70F78534-0ABC-4B64-82DF-0BBCB4838075}.Release|Any CPU.ActiveCfg = Release|Any CPU
		{70F78534-0ABC-4B64-82DF-0BBCB4838075}.Release|Any CPU.Build.0 = Release|Any CPU
		{011CDF60-00BA-423D-A5B3-E9416C635BBC}.Debug|Any CPU.ActiveCfg = Debug|Any CPU
		{011CDF60-00BA-423D-A5B3-E9416C635BBC}.Debug|Any CPU.Build.0 = Debug|Any CPU
		{011CDF60-00BA-423D-A5B3-E9416C635BBC}.Release|Any CPU.ActiveCfg = Release|Any CPU
		{011CDF60-00BA-423D-A5B3-E9416C635BBC}.Release|Any CPU.Build.0 = Release|Any CPU
		{799705E7-B166-4E0D-AAEA-BD274616C8C2}.Debug|Any CPU.ActiveCfg = Debug|Any CPU
		{799705E7-B166-4E0D-AAEA-BD274616C8C2}.Debug|Any CPU.Build.0 = Debug|Any CPU
		{799705E7-B166-4E0D-AAEA-BD274616C8C2}.Release|Any CPU.ActiveCfg = Release|Any CPU
		{799705E7-B166-4E0D-AAEA-BD274616C8C2}.Release|Any CPU.Build.0 = Release|Any CPU
		{F4113271-0543-409B-8B87-179EA31957CE}.Debug|Any CPU.ActiveCfg = Debug|Any CPU
		{F4113271-0543-409B-8B87-179EA31957CE}.Debug|Any CPU.Build.0 = Debug|Any CPU
		{F4113271-0543-409B-8B87-179EA31957CE}.Release|Any CPU.ActiveCfg = Release|Any CPU
		{F4113271-0543-409B-8B87-179EA31957CE}.Release|Any CPU.Build.0 = Release|Any CPU
		{AF895656-5D3B-47B1-BBE2-9B088300FD3A}.Debug|Any CPU.ActiveCfg = Debug|Any CPU
		{AF895656-5D3B-47B1-BBE2-9B088300FD3A}.Debug|Any CPU.Build.0 = Debug|Any CPU
		{AF895656-5D3B-47B1-BBE2-9B088300FD3A}.Release|Any CPU.ActiveCfg = Release|Any CPU
		{AF895656-5D3B-47B1-BBE2-9B088300FD3A}.Release|Any CPU.Build.0 = Release|Any CPU
		{39F36823-0201-46FD-9E2B-41AB25DB6C79}.Debug|Any CPU.ActiveCfg = Debug|Any CPU
		{39F36823-0201-46FD-9E2B-41AB25DB6C79}.Debug|Any CPU.Build.0 = Debug|Any CPU
		{39F36823-0201-46FD-9E2B-41AB25DB6C79}.Release|Any CPU.ActiveCfg = Release|Any CPU
		{39F36823-0201-46FD-9E2B-41AB25DB6C79}.Release|Any CPU.Build.0 = Release|Any CPU
		{39424810-B912-4DFB-B2E2-D1D0B688EFE6}.Debug|Any CPU.ActiveCfg = Debug|Any CPU
		{39424810-B912-4DFB-B2E2-D1D0B688EFE6}.Debug|Any CPU.Build.0 = Debug|Any CPU
		{39424810-B912-4DFB-B2E2-D1D0B688EFE6}.Release|Any CPU.ActiveCfg = Release|Any CPU
		{39424810-B912-4DFB-B2E2-D1D0B688EFE6}.Release|Any CPU.Build.0 = Release|Any CPU
	EndGlobalSection
	GlobalSection(SolutionProperties) = preSolution
		HideSolutionNode = FALSE
	EndGlobalSection
	GlobalSection(NestedProjects) = preSolution
		{817E28C5-F280-4E7C-9817-4403F6762901} = {A2681FCF-8F4B-4589-8571-61333940B70C}
	EndGlobalSection
EndGlobal
